// !$*UTF8*$!
{
	archiveVersion = 1;
	classes = {
	};
	objectVersion = 46;
	objects = {

/* Begin PBXBuildFile section */
		BA4384761DBEF08E003CC60D /* Assets.xcassets in Resources */ = {isa = PBXBuildFile; fileRef = BA4384751DBEF08E003CC60D /* Assets.xcassets */; };
		BA43847D1DBEF08E003CC60D /* MessagesExtension.appex in Embed App Extensions */ = {isa = PBXBuildFile; fileRef = BA43847C1DBEF08E003CC60D /* MessagesExtension.appex */; settings = {ATTRIBUTES = (RemoveHeadersOnCopy, ); }; };
		BA4384821DBEF08E003CC60D /* Messages.framework in Frameworks */ = {isa = PBXBuildFile; fileRef = BA4384811DBEF08E003CC60D /* Messages.framework */; };
		BA4384851DBEF08E003CC60D /* MessagesViewController.swift in Sources */ = {isa = PBXBuildFile; fileRef = BA4384841DBEF08E003CC60D /* MessagesViewController.swift */; };
		BA4384881DBEF08E003CC60D /* MainInterface.storyboard in Resources */ = {isa = PBXBuildFile; fileRef = BA4384861DBEF08E003CC60D /* MainInterface.storyboard */; };
		BA43848A1DBEF08E003CC60D /* Assets.xcassets in Resources */ = {isa = PBXBuildFile; fileRef = BA4384891DBEF08E003CC60D /* Assets.xcassets */; };
/* End PBXBuildFile section */

/* Begin PBXContainerItemProxy section */
		BA43847E1DBEF08E003CC60D /* PBXContainerItemProxy */ = {
			isa = PBXContainerItemProxy;
			containerPortal = BA43846C1DBEF08E003CC60D /* Project object */;
			proxyType = 1;
			remoteGlobalIDString = BA43847B1DBEF08E003CC60D;
			remoteInfo = MessagesExtension;
		};
/* End PBXContainerItemProxy section */

/* Begin PBXCopyFilesBuildPhase section */
		BA4384911DBEF08E003CC60D /* Embed App Extensions */ = {
			isa = PBXCopyFilesBuildPhase;
			buildActionMask = 2147483647;
			dstPath = "";
			dstSubfolderSpec = 13;
			files = (
				BA43847D1DBEF08E003CC60D /* MessagesExtension.appex in Embed App Extensions */,
			);
			name = "Embed App Extensions";
			runOnlyForDeploymentPostprocessing = 0;
		};
/* End PBXCopyFilesBuildPhase section */

/* Begin PBXFileReference section */
		BA4384721DBEF08E003CC60D /* TimeShare.app */ = {isa = PBXFileReference; explicitFileType = wrapper.application; includeInIndex = 0; path = TimeShare.app; sourceTree = BUILT_PRODUCTS_DIR; };
		BA4384751DBEF08E003CC60D /* Assets.xcassets */ = {isa = PBXFileReference; lastKnownFileType = folder.assetcatalog; path = Assets.xcassets; sourceTree = "<group>"; };
		BA4384771DBEF08E003CC60D /* Info.plist */ = {isa = PBXFileReference; lastKnownFileType = text.plist.xml; path = Info.plist; sourceTree = "<group>"; };
		BA43847C1DBEF08E003CC60D /* MessagesExtension.appex */ = {isa = PBXFileReference; explicitFileType = "wrapper.app-extension"; includeInIndex = 0; path = MessagesExtension.appex; sourceTree = BUILT_PRODUCTS_DIR; };
		BA4384811DBEF08E003CC60D /* Messages.framework */ = {isa = PBXFileReference; lastKnownFileType = wrapper.framework; name = Messages.framework; path = System/Library/Frameworks/Messages.framework; sourceTree = SDKROOT; };
		BA4384841DBEF08E003CC60D /* MessagesViewController.swift */ = {isa = PBXFileReference; lastKnownFileType = sourcecode.swift; path = MessagesViewController.swift; sourceTree = "<group>"; };
		BA4384871DBEF08E003CC60D /* Base */ = {isa = PBXFileReference; lastKnownFileType = file.storyboard; name = Base; path = Base.lproj/MainInterface.storyboard; sourceTree = "<group>"; };
		BA4384891DBEF08E003CC60D /* Assets.xcassets */ = {isa = PBXFileReference; lastKnownFileType = folder.assetcatalog; path = Assets.xcassets; sourceTree = "<group>"; };
		BA43848B1DBEF08E003CC60D /* Info.plist */ = {isa = PBXFileReference; lastKnownFileType = text.plist.xml; path = Info.plist; sourceTree = "<group>"; };
/* End PBXFileReference section */

/* Begin PBXFrameworksBuildPhase section */
		BA4384791DBEF08E003CC60D /* Frameworks */ = {
			isa = PBXFrameworksBuildPhase;
			buildActionMask = 2147483647;
			files = (
				BA4384821DBEF08E003CC60D /* Messages.framework in Frameworks */,
			);
			runOnlyForDeploymentPostprocessing = 0;
		};
/* End PBXFrameworksBuildPhase section */

/* Begin PBXGroup section */
		BA43846B1DBEF08E003CC60D = {
			isa = PBXGroup;
			children = (
				BA4384741DBEF08E003CC60D /* TimeShare */,
				BA4384831DBEF08E003CC60D /* MessagesExtension */,
				BA4384801DBEF08E003CC60D /* Frameworks */,
				BA4384731DBEF08E003CC60D /* Products */,
			);
			sourceTree = "<group>";
		};
		BA4384731DBEF08E003CC60D /* Products */ = {
			isa = PBXGroup;
			children = (
				BA4384721DBEF08E003CC60D /* TimeShare.app */,
				BA43847C1DBEF08E003CC60D /* MessagesExtension.appex */,
			);
			name = Products;
			sourceTree = "<group>";
		};
		BA4384741DBEF08E003CC60D /* TimeShare */ = {
			isa = PBXGroup;
			children = (
				BA4384751DBEF08E003CC60D /* Assets.xcassets */,
				BA4384771DBEF08E003CC60D /* Info.plist */,
			);
			path = TimeShare;
			sourceTree = "<group>";
		};
		BA4384801DBEF08E003CC60D /* Frameworks */ = {
			isa = PBXGroup;
			children = (
				BA4384811DBEF08E003CC60D /* Messages.framework */,
			);
			name = Frameworks;
			sourceTree = "<group>";
		};
		BA4384831DBEF08E003CC60D /* MessagesExtension */ = {
			isa = PBXGroup;
			children = (
				BA4384841DBEF08E003CC60D /* MessagesViewController.swift */,
				BA4384861DBEF08E003CC60D /* MainInterface.storyboard */,
				BA4384891DBEF08E003CC60D /* Assets.xcassets */,
				BA43848B1DBEF08E003CC60D /* Info.plist */,
			);
			path = MessagesExtension;
			sourceTree = "<group>";
		};
/* End PBXGroup section */

/* Begin PBXNativeTarget section */
		BA4384711DBEF08E003CC60D /* TimeShare */ = {
			isa = PBXNativeTarget;
			buildConfigurationList = BA4384921DBEF08E003CC60D /* Build configuration list for PBXNativeTarget "TimeShare" */;
			buildPhases = (
				BA4384701DBEF08E003CC60D /* Resources */,
				BA4384911DBEF08E003CC60D /* Embed App Extensions */,
			);
			buildRules = (
			);
			dependencies = (
				BA43847F1DBEF08E003CC60D /* PBXTargetDependency */,
			);
			name = TimeShare;
			productName = TimeShare;
			productReference = BA4384721DBEF08E003CC60D /* TimeShare.app */;
			productType = "com.apple.product-type.application.messages";
		};
		BA43847B1DBEF08E003CC60D /* MessagesExtension */ = {
			isa = PBXNativeTarget;
			buildConfigurationList = BA43848E1DBEF08E003CC60D /* Build configuration list for PBXNativeTarget "MessagesExtension" */;
			buildPhases = (
				BA4384781DBEF08E003CC60D /* Sources */,
				BA4384791DBEF08E003CC60D /* Frameworks */,
				BA43847A1DBEF08E003CC60D /* Resources */,
			);
			buildRules = (
			);
			dependencies = (
			);
			name = MessagesExtension;
			productName = MessagesExtension;
			productReference = BA43847C1DBEF08E003CC60D /* MessagesExtension.appex */;
			productType = "com.apple.product-type.app-extension.messages";
		};
/* End PBXNativeTarget section */

/* Begin PBXProject section */
		BA43846C1DBEF08E003CC60D /* Project object */ = {
			isa = PBXProject;
			attributes = {
				LastSwiftUpdateCheck = 0810;
				LastUpgradeCheck = 0810;
				ORGANIZATIONNAME = "Bell OS, LLC";
				TargetAttributes = {
					BA4384711DBEF08E003CC60D = {
						CreatedOnToolsVersion = 8.1;
						DevelopmentTeam = BR4H78C3XC;
						ProvisioningStyle = Automatic;
					};
					BA43847B1DBEF08E003CC60D = {
						CreatedOnToolsVersion = 8.1;
						DevelopmentTeam = BR4H78C3XC;
						ProvisioningStyle = Automatic;
					};
				};
			};
			buildConfigurationList = BA43846F1DBEF08E003CC60D /* Build configuration list for PBXProject "TimeShare" */;
			compatibilityVersion = "Xcode 3.2";
			developmentRegion = English;
			hasScannedForEncodings = 0;
			knownRegions = (
				en,
				Base,
			);
			mainGroup = BA43846B1DBEF08E003CC60D;
			productRefGroup = BA4384731DBEF08E003CC60D /* Products */;
			projectDirPath = "";
			projectRoot = "";
			targets = (
				BA4384711DBEF08E003CC60D /* TimeShare */,
				BA43847B1DBEF08E003CC60D /* MessagesExtension */,
			);
		};
/* End PBXProject section */

/* Begin PBXResourcesBuildPhase section */
		BA4384701DBEF08E003CC60D /* Resources */ = {
			isa = PBXResourcesBuildPhase;
			buildActionMask = 2147483647;
			files = (
				BA4384761DBEF08E003CC60D /* Assets.xcassets in Resources */,
			);
			runOnlyForDeploymentPostprocessing = 0;
		};
		BA43847A1DBEF08E003CC60D /* Resources */ = {
			isa = PBXResourcesBuildPhase;
			buildActionMask = 2147483647;
			files = (
				BA43848A1DBEF08E003CC60D /* Assets.xcassets in Resources */,
				BA4384881DBEF08E003CC60D /* MainInterface.storyboard in Resources */,
			);
			runOnlyForDeploymentPostprocessing = 0;
		};
/* End PBXResourcesBuildPhase section */

/* Begin PBXSourcesBuildPhase section */
		BA4384781DBEF08E003CC60D /* Sources */ = {
			isa = PBXSourcesBuildPhase;
			buildActionMask = 2147483647;
			files = (
				BA4384851DBEF08E003CC60D /* MessagesViewController.swift in Sources */,
			);
			runOnlyForDeploymentPostprocessing = 0;
		};
/* End PBXSourcesBuildPhase section */

/* Begin PBXTargetDependency section */
		BA43847F1DBEF08E003CC60D /* PBXTargetDependency */ = {
			isa = PBXTargetDependency;
			target = BA43847B1DBEF08E003CC60D /* MessagesExtension */;
			targetProxy = BA43847E1DBEF08E003CC60D /* PBXContainerItemProxy */;
		};
/* End PBXTargetDependency section */

/* Begin PBXVariantGroup section */
		BA4384861DBEF08E003CC60D /* MainInterface.storyboard */ = {
			isa = PBXVariantGroup;
			children = (
				BA4384871DBEF08E003CC60D /* Base */,
			);
			name = MainInterface.storyboard;
			sourceTree = "<group>";
		};
/* End PBXVariantGroup section */

/* Begin XCBuildConfiguration section */
		BA43848C1DBEF08E003CC60D /* Debug */ = {
			isa = XCBuildConfiguration;
			buildSettings = {
				ALWAYS_SEARCH_USER_PATHS = NO;
				CLANG_ANALYZER_NONNULL = YES;
				CLANG_CXX_LANGUAGE_STANDARD = "gnu++0x";
				CLANG_CXX_LIBRARY = "libc++";
				CLANG_ENABLE_MODULES = YES;
				CLANG_ENABLE_OBJC_ARC = YES;
				CLANG_WARN_BOOL_CONVERSION = YES;
				CLANG_WARN_CONSTANT_CONVERSION = YES;
				CLANG_WARN_DIRECT_OBJC_ISA_USAGE = YES_ERROR;
				CLANG_WARN_DOCUMENTATION_COMMENTS = YES;
				CLANG_WARN_EMPTY_BODY = YES;
				CLANG_WARN_ENUM_CONVERSION = YES;
				CLANG_WARN_INFINITE_RECURSION = YES;
				CLANG_WARN_INT_CONVERSION = YES;
				CLANG_WARN_OBJC_ROOT_CLASS = YES_ERROR;
				CLANG_WARN_SUSPICIOUS_MOVES = YES;
				CLANG_WARN_UNREACHABLE_CODE = YES;
				CLANG_WARN__DUPLICATE_METHOD_MATCH = YES;
				"CODE_SIGN_IDENTITY[sdk=iphoneos*]" = "iPhone Developer";
				COPY_PHASE_STRIP = NO;
				DEBUG_INFORMATION_FORMAT = dwarf;
				ENABLE_STRICT_OBJC_MSGSEND = YES;
				ENABLE_TESTABILITY = YES;
				GCC_C_LANGUAGE_STANDARD = gnu99;
				GCC_DYNAMIC_NO_PIC = NO;
				GCC_NO_COMMON_BLOCKS = YES;
				GCC_OPTIMIZATION_LEVEL = 0;
				GCC_PREPROCESSOR_DEFINITIONS = (
					"DEBUG=1",
					"$(inherited)",
				);
				GCC_WARN_64_TO_32_BIT_CONVERSION = YES;
				GCC_WARN_ABOUT_RETURN_TYPE = YES_ERROR;
				GCC_WARN_UNDECLARED_SELECTOR = YES;
				GCC_WARN_UNINITIALIZED_AUTOS = YES_AGGRESSIVE;
				GCC_WARN_UNUSED_FUNCTION = YES;
				GCC_WARN_UNUSED_VARIABLE = YES;
				IPHONEOS_DEPLOYMENT_TARGET = 10.1;
				MTL_ENABLE_DEBUG_INFO = YES;
				ONLY_ACTIVE_ARCH = YES;
				SDKROOT = iphoneos;
				SWIFT_ACTIVE_COMPILATION_CONDITIONS = DEBUG;
				SWIFT_OPTIMIZATION_LEVEL = "-Onone";
				TARGETED_DEVICE_FAMILY = "1,2";
			};
			name = Debug;
		};
		BA43848D1DBEF08E003CC60D /* Release */ = {
			isa = XCBuildConfiguration;
			buildSettings = {
				ALWAYS_SEARCH_USER_PATHS = NO;
				CLANG_ANALYZER_NONNULL = YES;
				CLANG_CXX_LANGUAGE_STANDARD = "gnu++0x";
				CLANG_CXX_LIBRARY = "libc++";
				CLANG_ENABLE_MODULES = YES;
				CLANG_ENABLE_OBJC_ARC = YES;
				CLANG_WARN_BOOL_CONVERSION = YES;
				CLANG_WARN_CONSTANT_CONVERSION = YES;
				CLANG_WARN_DIRECT_OBJC_ISA_USAGE = YES_ERROR;
				CLANG_WARN_DOCUMENTATION_COMMENTS = YES;
				CLANG_WARN_EMPTY_BODY = YES;
				CLANG_WARN_ENUM_CONVERSION = YES;
				CLANG_WARN_INFINITE_RECURSION = YES;
				CLANG_WARN_INT_CONVERSION = YES;
				CLANG_WARN_OBJC_ROOT_CLASS = YES_ERROR;
				CLANG_WARN_SUSPICIOUS_MOVES = YES;
				CLANG_WARN_UNREACHABLE_CODE = YES;
				CLANG_WARN__DUPLICATE_METHOD_MATCH = YES;
				"CODE_SIGN_IDENTITY[sdk=iphoneos*]" = "iPhone Developer";
				COPY_PHASE_STRIP = NO;
				DEBUG_INFORMATION_FORMAT = "dwarf-with-dsym";
				ENABLE_NS_ASSERTIONS = NO;
				ENABLE_STRICT_OBJC_MSGSEND = YES;
				GCC_C_LANGUAGE_STANDARD = gnu99;
				GCC_NO_COMMON_BLOCKS = YES;
				GCC_WARN_64_TO_32_BIT_CONVERSION = YES;
				GCC_WARN_ABOUT_RETURN_TYPE = YES_ERROR;
				GCC_WARN_UNDECLARED_SELECTOR = YES;
				GCC_WARN_UNINITIALIZED_AUTOS = YES_AGGRESSIVE;
				GCC_WARN_UNUSED_FUNCTION = YES;
				GCC_WARN_UNUSED_VARIABLE = YES;
				IPHONEOS_DEPLOYMENT_TARGET = 10.1;
				MTL_ENABLE_DEBUG_INFO = NO;
				SDKROOT = iphoneos;
				SWIFT_OPTIMIZATION_LEVEL = "-Owholemodule";
				TARGETED_DEVICE_FAMILY = "1,2";
				VALIDATE_PRODUCT = YES;
			};
			name = Release;
		};
		BA43848F1DBEF08E003CC60D /* Debug */ = {
			isa = XCBuildConfiguration;
			buildSettings = {
				ASSETCATALOG_COMPILER_APPICON_NAME = "iMessage App Icon";
				DEVELOPMENT_TEAM = BR4H78C3XC;
				INFOPLIST_FILE = MessagesExtension/Info.plist;
				LD_RUNPATH_SEARCH_PATHS = "$(inherited) @executable_path/Frameworks @executable_path/../../Frameworks";
				PRODUCT_BUNDLE_IDENTIFIER = com.patrickBellot.TimeShare.MessagesExtension;
				PRODUCT_NAME = "$(TARGET_NAME)";
				SKIP_INSTALL = YES;
				SWIFT_VERSION = 3.0;
			};
			name = Debug;
		};
		BA4384901DBEF08E003CC60D /* Release */ = {
			isa = XCBuildConfiguration;
			buildSettings = {
				ASSETCATALOG_COMPILER_APPICON_NAME = "iMessage App Icon";
				DEVELOPMENT_TEAM = BR4H78C3XC;
				INFOPLIST_FILE = MessagesExtension/Info.plist;
				LD_RUNPATH_SEARCH_PATHS = "$(inherited) @executable_path/Frameworks @executable_path/../../Frameworks";
				PRODUCT_BUNDLE_IDENTIFIER = com.patrickBellot.TimeShare.MessagesExtension;
				PRODUCT_NAME = "$(TARGET_NAME)";
				SKIP_INSTALL = YES;
				SWIFT_VERSION = 3.0;
			};
			name = Release;
		};
		BA4384931DBEF08E003CC60D /* Debug */ = {
			isa = XCBuildConfiguration;
			buildSettings = {
				ALWAYS_EMBED_SWIFT_STANDARD_LIBRARIES = YES;
				ASSETCATALOG_COMPILER_APPICON_NAME = AppIcon;
				DEVELOPMENT_TEAM = BR4H78C3XC;
				INFOPLIST_FILE = TimeShare/Info.plist;
				PRODUCT_BUNDLE_IDENTIFIER = com.patrickBellot.TimeShare;
				PRODUCT_NAME = "$(TARGET_NAME)";
				SWIFT_VERSION = 3.0;
			};
			name = Debug;
		};
		BA4384941DBEF08E003CC60D /* Release */ = {
			isa = XCBuildConfiguration;
			buildSettings = {
				ALWAYS_EMBED_SWIFT_STANDARD_LIBRARIES = YES;
				ASSETCATALOG_COMPILER_APPICON_NAME = AppIcon;
				DEVELOPMENT_TEAM = BR4H78C3XC;
				INFOPLIST_FILE = TimeShare/Info.plist;
				PRODUCT_BUNDLE_IDENTIFIER = com.patrickBellot.TimeShare;
				PRODUCT_NAME = "$(TARGET_NAME)";
				SWIFT_VERSION = 3.0;
			};
			name = Release;
		};
/* End XCBuildConfiguration section */

/* Begin XCConfigurationList section */
		BA43846F1DBEF08E003CC60D /* Build configuration list for PBXProject "TimeShare" */ = {
			isa = XCConfigurationList;
			buildConfigurations = (
				BA43848C1DBEF08E003CC60D /* Debug */,
				BA43848D1DBEF08E003CC60D /* Release */,
			);
			defaultConfigurationIsVisible = 0;
			defaultConfigurationName = Release;
		};
		BA43848E1DBEF08E003CC60D /* Build configuration list for PBXNativeTarget "MessagesExtension" */ = {
			isa = XCConfigurationList;
			buildConfigurations = (
				BA43848F1DBEF08E003CC60D /* Debug */,
				BA4384901DBEF08E003CC60D /* Release */,
			);
			defaultConfigurationIsVisible = 0;
		};
		BA4384921DBEF08E003CC60D /* Build configuration list for PBXNativeTarget "TimeShare" */ = {
			isa = XCConfigurationList;
			buildConfigurations = (
				BA4384931DBEF08E003CC60D /* Debug */,
				BA4384941DBEF08E003CC60D /* Release */,
			);
			defaultConfigurationIsVisible = 0;
		};
/* End XCConfigurationList section */
	};
	rootObject = BA43846C1DBEF08E003CC60D /* Project object */;
}
